PODS:
  - camera_avfoundation (0.0.1):
    - Flutter
  - Flutter (1.0.0)
  - imagekit_ffi (0.0.1)

DEPENDENCIES:
  - camera_avfoundation (from `.symlinks/plugins/camera_avfoundation/ios`)
  - Flutter (from `Flutter`)
  - imagekit_ffi (from `.symlinks/plugins/imagekit_ffi/ios`)

EXTERNAL SOURCES:
  camera_avfoundation:
    :path: ".symlinks/plugins/camera_avfoundation/ios"
  Flutter:
    :path: Flutter
  imagekit_ffi:
    :path: ".symlinks/plugins/imagekit_ffi/ios"

SPEC CHECKSUMS:
  camera_avfoundation: be3be85408cd4126f250386828e9b1dfa40ab436
  Flutter: e0871f40cf51350855a761d2e70bf5af5b9b5de7
  imagekit_ffi: 98acecb7b91a11aa270c0031155df5b715a141a6

PODFILE CHECKSUM: e687f98da1376c9400c55a704cdc3c07c3058cf2

COCOAPODS: 1.16.2
